
Microsoft Visual Studio Solution File, Format Version 12.00
# Visual Studio 2012
Project("{2150E333-8FDC-42A3-9474-1A3956D46DE8}") = "Tests", "Tests", "{5259C438-7BDE-4B5E-A413-08988C41F3CC}"
EndProject
Project("{FAE04EC0-301F-11D3-BF4B-00C04F79EFBC}") = "AppConfigFacility.Azure", "AppConfigFacility.Azure\AppConfigFacility.Azure.csproj", "{6C9E7F47-7928-4187-9BD0-ACDE23FC0312}"
EndProject
Project("{FAE04EC0-301F-11D3-BF4B-00C04F79EFBC}") = "AppConfigFacility", "AppConfigFacility\AppConfigFacility.csproj", "{1CC93527-8398-4D7B-97C3-BF9E2B3E8CF9}"
EndProject
Project("{2150E333-8FDC-42A3-9474-1A3956D46DE8}") = ".nuget", ".nuget", "{44B16669-29E2-440F-82F0-BCDBEE5F9FA1}"
	ProjectSection(SolutionItems) = preProject
		.nuget\NuGet.Config = .nuget\NuGet.Config
		.nuget\NuGet.exe = .nuget\NuGet.exe
		.nuget\NuGet.targets = .nuget\NuGet.targets
	EndProjectSection
EndProject
Project("{FAE04EC0-301F-11D3-BF4B-00C04F79EFBC}") = "AppConfigFacility.Tests", "Tests\AppConfigFacility.Tests\AppConfigFacility.Tests.csproj", "{A31D86D4-ACE1-446D-9247-F6F4B9001863}"
EndProject
Project("{FAE04EC0-301F-11D3-BF4B-00C04F79EFBC}") = "AppConfigFacility.Azure.Tests", "Tests\AppConfigFacility.Azure.Tests\AppConfigFacility.Azure.Tests.csproj", "{47D042D3-D6DF-4B3D-9240-AC57CBC73BCC}"
EndProject
Project("{2150E333-8FDC-42A3-9474-1A3956D46DE8}") = "build", "build", "{31E7CEB0-C120-415E-AB4C-A908C64814EB}"
	ProjectSection(SolutionItems) = preProject
		build.proj = build.proj
	EndProjectSection
EndProject
Global
	GlobalSection(SolutionConfigurationPlatforms) = preSolution
		Debug|Any CPU = Debug|Any CPU
		Release|Any CPU = Release|Any CPU
	EndGlobalSection
	GlobalSection(ProjectConfigurationPlatforms) = postSolution
		{6C9E7F47-7928-4187-9BD0-ACDE23FC0312}.Debug|Any CPU.ActiveCfg = Debug|Any CPU
		{6C9E7F47-7928-4187-9BD0-ACDE23FC0312}.Debug|Any CPU.Build.0 = Debug|Any CPU
		{6C9E7F47-7928-4187-9BD0-ACDE23FC0312}.Release|Any CPU.ActiveCfg = Release|Any CPU
		{6C9E7F47-7928-4187-9BD0-ACDE23FC0312}.Release|Any CPU.Build.0 = Release|Any CPU
		{1CC93527-8398-4D7B-97C3-BF9E2B3E8CF9}.Debug|Any CPU.ActiveCfg = Debug|Any CPU
		{1CC93527-8398-4D7B-97C3-BF9E2B3E8CF9}.Debug|Any CPU.Build.0 = Debug|Any CPU
		{1CC93527-8398-4D7B-97C3-BF9E2B3E8CF9}.Release|Any CPU.ActiveCfg = Release|Any CPU
		{1CC93527-8398-4D7B-97C3-BF9E2B3E8CF9}.Release|Any CPU.Build.0 = Release|Any CPU
		{A31D86D4-ACE1-446D-9247-F6F4B9001863}.Debug|Any CPU.ActiveCfg = Debug|Any CPU
		{A31D86D4-ACE1-446D-9247-F6F4B9001863}.Debug|Any CPU.Build.0 = Debug|Any CPU
		{A31D86D4-ACE1-446D-9247-F6F4B9001863}.Release|Any CPU.ActiveCfg = Release|Any CPU
		{A31D86D4-ACE1-446D-9247-F6F4B9001863}.Release|Any CPU.Build.0 = Release|Any CPU
		{47D042D3-D6DF-4B3D-9240-AC57CBC73BCC}.Debug|Any CPU.ActiveCfg = Debug|Any CPU
		{47D042D3-D6DF-4B3D-9240-AC57CBC73BCC}.Debug|Any CPU.Build.0 = Debug|Any CPU
		{47D042D3-D6DF-4B3D-9240-AC57CBC73BCC}.Release|Any CPU.ActiveCfg = Release|Any CPU
		{47D042D3-D6DF-4B3D-9240-AC57CBC73BCC}.Release|Any CPU.Build.0 = Release|Any CPU
	EndGlobalSection
	GlobalSection(SolutionProperties) = preSolution
		HideSolutionNode = FALSE
	EndGlobalSection
	GlobalSection(NestedProjects) = preSolution
		{A31D86D4-ACE1-446D-9247-F6F4B9001863} = {5259C438-7BDE-4B5E-A413-08988C41F3CC}
		{47D042D3-D6DF-4B3D-9240-AC57CBC73BCC} = {5259C438-7BDE-4B5E-A413-08988C41F3CC}
	EndGlobalSection
EndGlobal
